
Microsoft Visual Studio Solution File, Format Version 12.00
# Visual Studio Version 16
VisualStudioVersion = 16.0.32228.343
MinimumVisualStudioVersion = 10.0.40219.1
Project("{8BC9CEB8-8B4A-11D0-8D11-00A0C91BC942}") = "DSExp1", "DSExp1\DSExp1.vcxproj", "{C03EDFDB-79C2-4D02-857C-5A0B08093E3D}"
EndProject
Global
	GlobalSection(SolutionConfigurationPlatforms) = preSolution
		Debug|x64 = Debug|x64
		Debug|x86 = Debug|x86
		Release|x64 = Release|x64
		Release|x86 = Release|x86
	EndGlobalSection
	GlobalSection(ProjectConfigurationPlatforms) = postSolution
		{C03EDFDB-79C2-4D02-857C-5A0B08093E3D}.Debug|x64.ActiveCfg = Debug|x64
		{C03EDFDB-79C2-4D02-857C-5A0B08093E3D}.Debug|x64.Build.0 = Debug|x64
		{C03EDFDB-79C2-4D02-857C-5A0B08093E3D}.Debug|x86.ActiveCfg = Debug|Win32
		{C03EDFDB-79C2-4D02-857C-5A0B08093E3D}.Debug|x86.Build.0 = Debug|Win32
		{C03EDFDB-79C2-4D02-857C-5A0B08093E3D}.Release|x64.ActiveCfg = Release|x64
		{C03EDFDB-79C2-4D02-857C-5A0B08093E3D}.Release|x64.Build.0 = Release|x64
		{C03EDFDB-79C2-4D02-857C-5A0B08093E3D}.Release|x86.ActiveCfg = Release|Win32
		{C03EDFDB-79C2-4D02-857C-5A0B08093E3D}.Release|x86.Build.0 = Release|Win32
	EndGlobalSection
	GlobalSection(SolutionProperties) = preSolution
		HideSolutionNode = FALSE
	EndGlobalSection
	GlobalSection(ExtensibilityGlobals) = postSolution
		SolutionGuid = {E032F2BE-F6D9-45DB-83E3-EDF7F48B1C30}
	EndGlobalSection
EndGlobal
